
Microsoft Visual Studio Solution File, Format Version 12.00
# Visual Studio Version 16
VisualStudioVersion = 16.0.30907.101
MinimumVisualStudioVersion = 10.0.40219.1
Project("{9A19103F-16F7-4668-BE54-9A1E7A4F7556}") = "ConsoleApp", "ConsoleApp\ConsoleApp.csproj", "{AE453334-6DE2-4A35-8ADB-665E74705BB9}"
EndProject
Project("{FAE04EC0-301F-11D3-BF4B-00C04F79EFBC}") = "ConsoleAppFramework", "ConsoleAppFramework\ConsoleAppFramework.csproj", "{DE1B50E8-6636-45FA-B88F-ABF099C217EE}"
EndProject
Global
	GlobalSection(SolutionConfigurationPlatforms) = preSolution
		Debug|Any CPU = Debug|Any CPU
		Release|Any CPU = Release|Any CPU
	EndGlobalSection
	GlobalSection(ProjectConfigurationPlatforms) = postSolution
		{AE453334-6DE2-4A35-8ADB-665E74705BB9}.Debug|Any CPU.ActiveCfg = Debug|Any CPU
		{AE453334-6DE2-4A35-8ADB-665E74705BB9}.Debug|Any CPU.Build.0 = Debug|Any CPU
		{AE453334-6DE2-4A35-8ADB-665E74705BB9}.Release|Any CPU.ActiveCfg = Release|Any CPU
		{AE453334-6DE2-4A35-8ADB-665E74705BB9}.Release|Any CPU.Build.0 = Release|Any CPU
		{DE1B50E8-6636-45FA-B88F-ABF099C217EE}.Debug|Any CPU.ActiveCfg = Debug|Any CPU
		{DE1B50E8-6636-45FA-B88F-ABF099C217EE}.Debug|Any CPU.Build.0 = Debug|Any CPU
		{DE1B50E8-6636-45FA-B88F-ABF099C217EE}.Release|Any CPU.ActiveCfg = Release|Any CPU
		{DE1B50E8-6636-45FA-B88F-ABF099C217EE}.Release|Any CPU.Build.0 = Release|Any CPU
	EndGlobalSection
	GlobalSection(SolutionProperties) = preSolution
		HideSolutionNode = FALSE
	EndGlobalSection
	GlobalSection(ExtensibilityGlobals) = postSolution
		SolutionGuid = {E899083A-22B2-4F32-A67C-E4B2E2715986}
	EndGlobalSection
EndGlobal
